
Microsoft Visual Studio Solution File, Format Version 12.00
# Visual Studio Version 16
VisualStudioVersion = 16.0.30611.23
MinimumVisualStudioVersion = 10.0.40219.1
Project("{FAE04EC0-301F-11D3-BF4B-00C04F79EFBC}") = "MLRSIntroductoryWebApi", "MLRSIntroductoryWebApi.csproj", "{D8005517-79F7-4692-940A-CB023A2748CA}"
EndProject
Project("{FAE04EC0-301F-11D3-BF4B-00C04F79EFBC}") = "MLSIntroductoryUnitTests", "..\MLSIntroductoryUnitTests\MLSIntroductoryUnitTests.csproj", "{18E472F1-720F-4D31-9504-A54069D56767}"
EndProject
Project("{FAE04EC0-301F-11D3-BF4B-00C04F79EFBC}") = "MLRSIntroductoryWebApp", "..\MLRSIntroductoryWebApp\MLRSIntroductoryWebApp.csproj", "{6379458B-1B83-4C06-AC07-E720237AE845}"
EndProject
Global
	GlobalSection(SolutionConfigurationPlatforms) = preSolution
		Debug|Any CPU = Debug|Any CPU
		Release|Any CPU = Release|Any CPU
	EndGlobalSection
	GlobalSection(ProjectConfigurationPlatforms) = postSolution
		{D8005517-79F7-4692-940A-CB023A2748CA}.Debug|Any CPU.ActiveCfg = Debug|Any CPU
		{D8005517-79F7-4692-940A-CB023A2748CA}.Debug|Any CPU.Build.0 = Debug|Any CPU
		{D8005517-79F7-4692-940A-CB023A2748CA}.Release|Any CPU.ActiveCfg = Release|Any CPU
		{D8005517-79F7-4692-940A-CB023A2748CA}.Release|Any CPU.Build.0 = Release|Any CPU
		{18E472F1-720F-4D31-9504-A54069D56767}.Debug|Any CPU.ActiveCfg = Debug|Any CPU
		{18E472F1-720F-4D31-9504-A54069D56767}.Debug|Any CPU.Build.0 = Debug|Any CPU
		{18E472F1-720F-4D31-9504-A54069D56767}.Release|Any CPU.ActiveCfg = Release|Any CPU
		{18E472F1-720F-4D31-9504-A54069D56767}.Release|Any CPU.Build.0 = Release|Any CPU
		{6379458B-1B83-4C06-AC07-E720237AE845}.Debug|Any CPU.ActiveCfg = Debug|Any CPU
		{6379458B-1B83-4C06-AC07-E720237AE845}.Debug|Any CPU.Build.0 = Debug|Any CPU
		{6379458B-1B83-4C06-AC07-E720237AE845}.Release|Any CPU.ActiveCfg = Release|Any CPU
		{6379458B-1B83-4C06-AC07-E720237AE845}.Release|Any CPU.Build.0 = Release|Any CPU
	EndGlobalSection
	GlobalSection(SolutionProperties) = preSolution
		HideSolutionNode = FALSE
	EndGlobalSection
	GlobalSection(ExtensibilityGlobals) = postSolution
		SolutionGuid = {7F731193-36CC-49D8-9B9C-1646CBCFCD4B}
	EndGlobalSection
EndGlobal
